// !$*UTF8*$!
{
	archiveVersion = 1;
	classes = {
	};
	objectVersion = 56;
	objects = {

/* Begin PBXFileReference section */
		49237C3C2B6B665C005700B5 /* Classes.playground */ = {isa = PBXFileReference; lastKnownFileType = file.playground; path = Classes.playground; sourceTree = "<group>"; xcLanguageSpecificationIdentifier = xcode.lang.swift; };
		492562792B57B2FA009F16AD /* Protocols.playground */ = {isa = PBXFileReference; lastKnownFileType = file.playground; path = Protocols.playground; sourceTree = "<group>"; xcLanguageSpecificationIdentifier = xcode.lang.swift; };
		4925627A2B57B329009F16AD /* Enums.playground */ = {isa = PBXFileReference; lastKnownFileType = file.playground; path = Enums.playground; sourceTree = "<group>"; xcLanguageSpecificationIdentifier = xcode.lang.swift; };
		4994E5D92B6A323100F51BEA /* SOLIDArchitecture.playground */ = {isa = PBXFileReference; lastKnownFileType = file.playground; path = SOLIDArchitecture.playground; sourceTree = "<group>"; xcLanguageSpecificationIdentifier = xcode.lang.swift; };
/* End PBXFileReference section */

/* Begin PBXGroup section */
		492562722B57B2CD009F16AD = {
			isa = PBXGroup;
			children = (
				49237C3C2B6B665C005700B5 /* Classes.playground */,
				492562792B57B2FA009F16AD /* Protocols.playground */,
				4925627A2B57B329009F16AD /* Enums.playground */,
				4994E5D92B6A323100F51BEA /* SOLIDArchitecture.playground */,
			);
			sourceTree = "<group>";
		};
/* End PBXGroup section */

/* Begin PBXProject section */
		492562732B57B2CD009F16AD /* Project object */ = {
			isa = PBXProject;
			attributes = {
				BuildIndependentTargetsInParallel = 1;
				LastUpgradeCheck = 1520;
			};
			buildConfigurationList = 492562762B57B2CD009F16AD /* Build configuration list for PBXProject "AdvancedSwiftFundamental" */;
			compatibilityVersion = "Xcode 14.0";
			developmentRegion = en;
			hasScannedForEncodings = 0;
			knownRegions = (
				en,
				Base,
			);
			mainGroup = 492562722B57B2CD009F16AD;
			projectDirPath = "";
			projectRoot = "";
			targets = (
			);
		};
/* End PBXProject section */

/* Begin XCBuildConfiguration section */
		492562772B57B2CD009F16AD /* Debug */ = {
			isa = XCBuildConfiguration;
			buildSettings = {
			};
			name = Debug;
		};
		492562782B57B2CD009F16AD /* Release */ = {
			isa = XCBuildConfiguration;
			buildSettings = {
			};
			name = Release;
		};
/* End XCBuildConfiguration section */

/* Begin XCConfigurationList section */
		492562762B57B2CD009F16AD /* Build configuration list for PBXProject "AdvancedSwiftFundamental" */ = {
			isa = XCConfigurationList;
			buildConfigurations = (
				492562772B57B2CD009F16AD /* Debug */,
				492562782B57B2CD009F16AD /* Release */,
			);
			defaultConfigurationIsVisible = 0;
			defaultConfigurationName = Release;
		};
/* End XCConfigurationList section */
	};
	rootObject = 492562732B57B2CD009F16AD /* Project object */;
}
